<?xml version="1.0" encoding="utf-8"?>
<Project ToolsVersion="4.0" xmlns="http://schemas.microsoft.com/developer/msbuild/2003">
  <ItemGroup>
    <Filter Include="Header Files">
      <UniqueIdentifier>{1bba9efb-6655-4bfe-9650-79b090d6b015}</UniqueIdentifier>
    </Filter>
    <Filter Include="Resource Files">
      <UniqueIdentifier>{ba8caef2-da1e-4687-9d8d-f77979f2f1a3}</UniqueIdentifier>
    </Filter>
    <Filter Include="Source Files">
      <UniqueIdentifier>{00bb23ff-9d79-4f49-90bd-30ca5eabc7e6}</UniqueIdentifier>
    </Filter>
    <Filter Include="Source Files\Shared">
      <UniqueIdentifier>{8543722c-f4a5-4781-94ff-faf2ebeb0b9a}</UniqueIdentifier>
    </Filter>
  </ItemGroup>
  <ItemGroup>
    <ClCompile Include="..\common\source\IllustratorSDK.cpp">
      <Filter>Source Files\Shared</Filter>
    </ClCompile>
    <ClCompile Include="..\common\source\Suites.cpp">
      <Filter>Source Files\Shared</Filter>
    </ClCompile>
    <ClCompile Include="..\common\source\Plugin.cpp">
      <Filter>Source Files\Shared</Filter>
    </ClCompile>
    <ClCompile Include="..\common\source\Main.cpp">
      <Filter>Source Files\Shared</Filter>
    </ClCompile>
    <ClCompile Include="..\common\source\AppContext.cpp">
      <Filter>Source Files\Shared</Filter>
    </ClCompile>
    <ClCompile Include="..\..\illustratorapi\illustrator\IAIUnicodeString.cpp">
      <Filter>Source Files\Shared</Filter>
    </ClCompile>
    <ClCompile Include="..\common\source\SDKErrors.cpp">
      <Filter>Source Files\Shared</Filter>
    </ClCompile>
    <ClCompile Include="Source\catenaryPlugin.cpp">
      <Filter>Source Files</Filter>
    </ClCompile>
    <ClCompile Include="Source\catenarySuites.cpp">
      <Filter>Source Files</Filter>
    </ClCompile>
  </ItemGroup>
  <ItemGroup>
    <ClInclude Include="Source\catenary.hpp">
      <Filter>Source Files</Filter>
    </ClInclude>
    <ClInclude Include="Source\catenaryID.h">
      <Filter>Source Files</Filter>
    </ClInclude>
    <ClInclude Include="Source\catenaryPlugin.h">
      <Filter>Source Files</Filter>
    </ClInclude>
    <ClInclude Include="Source\catenarySuites.h">
      <Filter>Source Files</Filter>
    </ClInclude>
    <ClInclude Include="Source\myAiUtil.hpp">
      <Filter>Source Files</Filter>
    </ClInclude>
    <ClInclude Include="Source\mySysUtil.hpp">
      <Filter>Source Files</Filter>
    </ClInclude>
    <ClInclude Include="Resources\Win\resource.h">
      <Filter>Header Files</Filter>
    </ClInclude>
  </ItemGroup>
  <ItemGroup>
    <ResourceCompile Include="Resources\Win\catenary.rc">
      <Filter>Resource Files</Filter>
    </ResourceCompile>
  </ItemGroup>
</Project>